
Microsoft Visual Studio Solution File, Format Version 12.00
# Visual Studio Version 16
VisualStudioVersion = 16.0.30711.63
MinimumVisualStudioVersion = 10.0.40219.1
Project("{FAE04EC0-301F-11D3-BF4B-00C04F79EFBC}") = "TectoroWebApi", "TectoroWebApi\TectoroWebApi.csproj", "{8B654E0D-E53A-43D3-BFCE-41B6716DD1C1}"
EndProject
Project("{2150E333-8FDC-42A3-9474-1A3956D46DE8}") = "Database", "Database", "{1C7B2C55-FC65-4D0A-800A-F7F294A4DBEB}"
	ProjectSection(SolutionItems) = preProject
		TectoroUserDb.sql = TectoroUserDb.sql
	EndProjectSection
EndProject
Global
	GlobalSection(SolutionConfigurationPlatforms) = preSolution
		Debug|Any CPU = Debug|Any CPU
		Release|Any CPU = Release|Any CPU
	EndGlobalSection
	GlobalSection(ProjectConfigurationPlatforms) = postSolution
		{8B654E0D-E53A-43D3-BFCE-41B6716DD1C1}.Debug|Any CPU.ActiveCfg = Debug|Any CPU
		{8B654E0D-E53A-43D3-BFCE-41B6716DD1C1}.Debug|Any CPU.Build.0 = Debug|Any CPU
		{8B654E0D-E53A-43D3-BFCE-41B6716DD1C1}.Release|Any CPU.ActiveCfg = Release|Any CPU
		{8B654E0D-E53A-43D3-BFCE-41B6716DD1C1}.Release|Any CPU.Build.0 = Release|Any CPU
	EndGlobalSection
	GlobalSection(SolutionProperties) = preSolution
		HideSolutionNode = FALSE
	EndGlobalSection
	GlobalSection(ExtensibilityGlobals) = postSolution
		SolutionGuid = {E555CDE1-F344-4826-B4C7-9E7CF78D68EA}
	EndGlobalSection
EndGlobal
